// !$*UTF8*$!
{
	archiveVersion = 1;
	classes = {
	};
	objectVersion = 48;
	objects = {

/* Begin PBXBuildFile section */
		2609D25A1FCF40E900337CB8 /* ContainerViewController.swift in Sources */ = {isa = PBXBuildFile; fileRef = 2609D2591FCF40E900337CB8 /* ContainerViewController.swift */; };
		2609D2601FD06F4C00337CB8 /* Style.swift in Sources */ = {isa = PBXBuildFile; fileRef = 2609D25F1FD06F4C00337CB8 /* Style.swift */; };
		264A63FF1FCDF885000A9867 /* SudokuLayout.swift in Sources */ = {isa = PBXBuildFile; fileRef = 264A63FE1FCDF885000A9867 /* SudokuLayout.swift */; };
		267F23DC1FCD1B9E0069282B /* PuzzleModel.swift in Sources */ = {isa = PBXBuildFile; fileRef = 267F23DB1FCD1B9E0069282B /* PuzzleModel.swift */; };
		267F23DE1FCD1C540069282B /* DataTypes.swift in Sources */ = {isa = PBXBuildFile; fileRef = 267F23DD1FCD1C540069282B /* DataTypes.swift */; };
		267F23E01FCD216D0069282B /* PuzzleViewCell.swift in Sources */ = {isa = PBXBuildFile; fileRef = 267F23DF1FCD216D0069282B /* PuzzleViewCell.swift */; };
		267F23E21FCD22940069282B /* NotesView.swift in Sources */ = {isa = PBXBuildFile; fileRef = 267F23E11FCD22940069282B /* NotesView.swift */; };
		267F23E51FCD22C50069282B /* SolutionView.swift in Sources */ = {isa = PBXBuildFile; fileRef = 267F23E41FCD22C50069282B /* SolutionView.swift */; };
		269D87211FCF2699004E474C /* MenuView.swift in Sources */ = {isa = PBXBuildFile; fileRef = 269D87201FCF2699004E474C /* MenuView.swift */; };
		26A6AF281FC7E888001827BA /* AppDelegate.swift in Sources */ = {isa = PBXBuildFile; fileRef = 26A6AF271FC7E888001827BA /* AppDelegate.swift */; };
		26A6AF2A1FC7E888001827BA /* PuzzleViewController.swift in Sources */ = {isa = PBXBuildFile; fileRef = 26A6AF291FC7E888001827BA /* PuzzleViewController.swift */; };
		26A6AF2D1FC7E888001827BA /* Main.storyboard in Resources */ = {isa = PBXBuildFile; fileRef = 26A6AF2B1FC7E888001827BA /* Main.storyboard */; };
		26A6AF301FC7E888001827BA /* Sudoku.xcdatamodeld in Sources */ = {isa = PBXBuildFile; fileRef = 26A6AF2E1FC7E888001827BA /* Sudoku.xcdatamodeld */; };
		26A6AF321FC7E888001827BA /* Assets.xcassets in Resources */ = {isa = PBXBuildFile; fileRef = 26A6AF311FC7E888001827BA /* Assets.xcassets */; };
		26A6AF351FC7E888001827BA /* LaunchScreen.storyboard in Resources */ = {isa = PBXBuildFile; fileRef = 26A6AF331FC7E888001827BA /* LaunchScreen.storyboard */; };
		26A6AF401FC7E888001827BA /* SudokuTests.swift in Sources */ = {isa = PBXBuildFile; fileRef = 26A6AF3F1FC7E888001827BA /* SudokuTests.swift */; };
		26A6AF4D1FC7E89C001827BA /* sugen.c in Sources */ = {isa = PBXBuildFile; fileRef = 26A6AF4C1FC7E89C001827BA /* sugen.c */; };
		26B094D21FE1F7810050CC31 /* SelectionViewController.swift in Sources */ = {isa = PBXBuildFile; fileRef = 26B094D11FE1F7810050CC31 /* SelectionViewController.swift */; };
		26B094D71FE239630050CC31 /* StyleViewController.swift in Sources */ = {isa = PBXBuildFile; fileRef = 26B094D61FE239630050CC31 /* StyleViewController.swift */; };
		26E306921FE4481700511AAE /* HelpViewController.swift in Sources */ = {isa = PBXBuildFile; fileRef = 26E306911FE4481700511AAE /* HelpViewController.swift */; };
		26E306941FE4677200511AAE /* ReplicatorView.swift in Sources */ = {isa = PBXBuildFile; fileRef = 26E306931FE4677200511AAE /* ReplicatorView.swift */; };
/* End PBXBuildFile section */

/* Begin PBXContainerItemProxy section */
		26A6AF3C1FC7E888001827BA /* PBXContainerItemProxy */ = {
			isa = PBXContainerItemProxy;
			containerPortal = 26A6AF1C1FC7E888001827BA /* Project object */;
			proxyType = 1;
			remoteGlobalIDString = 26A6AF231FC7E888001827BA;
			remoteInfo = Sudoku;
		};
/* End PBXContainerItemProxy section */

/* Begin PBXFileReference section */
		2609D2591FCF40E900337CB8 /* ContainerViewController.swift */ = {isa = PBXFileReference; lastKnownFileType = sourcecode.swift; path = ContainerViewController.swift; sourceTree = "<group>"; };
		2609D25F1FD06F4C00337CB8 /* Style.swift */ = {isa = PBXFileReference; lastKnownFileType = sourcecode.swift; path = Style.swift; sourceTree = "<group>"; };
		2639B1051FCD566000F3C6D7 /* callback.h */ = {isa = PBXFileReference; lastKnownFileType = sourcecode.c.h; path = callback.h; sourceTree = "<group>"; };
		264A63FE1FCDF885000A9867 /* SudokuLayout.swift */ = {isa = PBXFileReference; lastKnownFileType = sourcecode.swift; path = SudokuLayout.swift; sourceTree = "<group>"; };
		267F23DB1FCD1B9E0069282B /* PuzzleModel.swift */ = {isa = PBXFileReference; lastKnownFileType = sourcecode.swift; path = PuzzleModel.swift; sourceTree = "<group>"; };
		267F23DD1FCD1C540069282B /* DataTypes.swift */ = {isa = PBXFileReference; lastKnownFileType = sourcecode.swift; path = DataTypes.swift; sourceTree = "<group>"; };
		267F23DF1FCD216D0069282B /* PuzzleViewCell.swift */ = {isa = PBXFileReference; lastKnownFileType = sourcecode.swift; path = PuzzleViewCell.swift; sourceTree = "<group>"; };
		267F23E11FCD22940069282B /* NotesView.swift */ = {isa = PBXFileReference; lastKnownFileType = sourcecode.swift; path = NotesView.swift; sourceTree = "<group>"; };
		267F23E41FCD22C50069282B /* SolutionView.swift */ = {isa = PBXFileReference; lastKnownFileType = sourcecode.swift; path = SolutionView.swift; sourceTree = "<group>"; };
		269D87201FCF2699004E474C /* MenuView.swift */ = {isa = PBXFileReference; lastKnownFileType = sourcecode.swift; path = MenuView.swift; sourceTree = "<group>"; };
		26A6AF241FC7E888001827BA /* Sudoku.app */ = {isa = PBXFileReference; explicitFileType = wrapper.application; includeInIndex = 0; path = Sudoku.app; sourceTree = BUILT_PRODUCTS_DIR; };
		26A6AF271FC7E888001827BA /* AppDelegate.swift */ = {isa = PBXFileReference; lastKnownFileType = sourcecode.swift; path = AppDelegate.swift; sourceTree = "<group>"; };
		26A6AF291FC7E888001827BA /* PuzzleViewController.swift */ = {isa = PBXFileReference; lastKnownFileType = sourcecode.swift; path = PuzzleViewController.swift; sourceTree = "<group>"; };
		26A6AF2C1FC7E888001827BA /* Base */ = {isa = PBXFileReference; lastKnownFileType = file.storyboard; name = Base; path = Base.lproj/Main.storyboard; sourceTree = "<group>"; };
		26A6AF2F1FC7E888001827BA /* Sudoku.xcdatamodel */ = {isa = PBXFileReference; lastKnownFileType = wrapper.xcdatamodel; path = Sudoku.xcdatamodel; sourceTree = "<group>"; };
		26A6AF311FC7E888001827BA /* Assets.xcassets */ = {isa = PBXFileReference; lastKnownFileType = folder.assetcatalog; path = Assets.xcassets; sourceTree = "<group>"; };
		26A6AF341FC7E888001827BA /* Base */ = {isa = PBXFileReference; lastKnownFileType = file.storyboard; name = Base; path = Base.lproj/LaunchScreen.storyboard; sourceTree = "<group>"; };
		26A6AF361FC7E888001827BA /* Info.plist */ = {isa = PBXFileReference; lastKnownFileType = text.plist.xml; path = Info.plist; sourceTree = "<group>"; };
		26A6AF3B1FC7E888001827BA /* SudokuTests.xctest */ = {isa = PBXFileReference; explicitFileType = wrapper.cfbundle; includeInIndex = 0; path = SudokuTests.xctest; sourceTree = BUILT_PRODUCTS_DIR; };
		26A6AF3F1FC7E888001827BA /* SudokuTests.swift */ = {isa = PBXFileReference; lastKnownFileType = sourcecode.swift; path = SudokuTests.swift; sourceTree = "<group>"; };
		26A6AF411FC7E888001827BA /* Info.plist */ = {isa = PBXFileReference; lastKnownFileType = text.plist.xml; path = Info.plist; sourceTree = "<group>"; };
		26A6AF4B1FC7E89B001827BA /* Sudoku-Bridging-Header.h */ = {isa = PBXFileReference; lastKnownFileType = sourcecode.c.h; path = "Sudoku-Bridging-Header.h"; sourceTree = "<group>"; };
		26A6AF4C1FC7E89C001827BA /* sugen.c */ = {isa = PBXFileReference; fileEncoding = 4; lastKnownFileType = sourcecode.c.c; path = sugen.c; sourceTree = "<group>"; };
		26B094D11FE1F7810050CC31 /* SelectionViewController.swift */ = {isa = PBXFileReference; lastKnownFileType = sourcecode.swift; path = SelectionViewController.swift; sourceTree = "<group>"; };
		26B094D61FE239630050CC31 /* StyleViewController.swift */ = {isa = PBXFileReference; lastKnownFileType = sourcecode.swift; path = StyleViewController.swift; sourceTree = "<group>"; };
		26E306911FE4481700511AAE /* HelpViewController.swift */ = {isa = PBXFileReference; lastKnownFileType = sourcecode.swift; path = HelpViewController.swift; sourceTree = "<group>"; };
		26E306931FE4677200511AAE /* ReplicatorView.swift */ = {isa = PBXFileReference; lastKnownFileType = sourcecode.swift; path = ReplicatorView.swift; sourceTree = "<group>"; };
/* End PBXFileReference section */

/* Begin PBXFrameworksBuildPhase section */
		26A6AF211FC7E888001827BA /* Frameworks */ = {
			isa = PBXFrameworksBuildPhase;
			buildActionMask = 2147483647;
			files = (
			);
			runOnlyForDeploymentPostprocessing = 0;
		};
		26A6AF381FC7E888001827BA /* Frameworks */ = {
			isa = PBXFrameworksBuildPhase;
			buildActionMask = 2147483647;
			files = (
			);
			runOnlyForDeploymentPostprocessing = 0;
		};
/* End PBXFrameworksBuildPhase section */

/* Begin PBXGroup section */
		267F23D91FCD1B340069282B /* SupportingFiles */ = {
			isa = PBXGroup;
			children = (
				26A6AF331FC7E888001827BA /* LaunchScreen.storyboard */,
				26A6AF271FC7E888001827BA /* AppDelegate.swift */,
				26A6AF2E1FC7E888001827BA /* Sudoku.xcdatamodeld */,
				26A6AF311FC7E888001827BA /* Assets.xcassets */,
				26A6AF361FC7E888001827BA /* Info.plist */,
			);
			path = SupportingFiles;
			sourceTree = "<group>";
		};
		267F23DA1FCD1B700069282B /* Puzzle View Controller */ = {
			isa = PBXGroup;
			children = (
				26A6AF291FC7E888001827BA /* PuzzleViewController.swift */,
				264A63FE1FCDF885000A9867 /* SudokuLayout.swift */,
				267F23E31FCD229E0069282B /* Cell */,
				269D871F1FCF2681004E474C /* Menu */,
			);
			path = "Puzzle View Controller";
			sourceTree = "<group>";
		};
		267F23E31FCD229E0069282B /* Cell */ = {
			isa = PBXGroup;
			children = (
				267F23DF1FCD216D0069282B /* PuzzleViewCell.swift */,
				267F23E11FCD22940069282B /* NotesView.swift */,
				267F23E41FCD22C50069282B /* SolutionView.swift */,
			);
			path = Cell;
			sourceTree = "<group>";
		};
		269D871E1FCF2614004E474C /* Models and Structures */ = {
			isa = PBXGroup;
			children = (
				267F23DB1FCD1B9E0069282B /* PuzzleModel.swift */,
				267F23DD1FCD1C540069282B /* DataTypes.swift */,
			);
			path = "Models and Structures";
			sourceTree = "<group>";
		};
		269D871F1FCF2681004E474C /* Menu */ = {
			isa = PBXGroup;
			children = (
				269D87201FCF2699004E474C /* MenuView.swift */,
				2609D2591FCF40E900337CB8 /* ContainerViewController.swift */,
			);
			path = Menu;
			sourceTree = "<group>";
		};
		26A6AF1B1FC7E888001827BA = {
			isa = PBXGroup;
			children = (
				26A6AF261FC7E888001827BA /* Sudoku */,
				26A6AF3E1FC7E888001827BA /* SudokuTests */,
				26A6AF251FC7E888001827BA /* Products */,
			);
			sourceTree = "<group>";
		};
		26A6AF251FC7E888001827BA /* Products */ = {
			isa = PBXGroup;
			children = (
				26A6AF241FC7E888001827BA /* Sudoku.app */,
				26A6AF3B1FC7E888001827BA /* SudokuTests.xctest */,
			);
			name = Products;
			sourceTree = "<group>";
		};
		26A6AF261FC7E888001827BA /* Sudoku */ = {
			isa = PBXGroup;
			children = (
				26A6AF2B1FC7E888001827BA /* Main.storyboard */,
				26B094D31FE236DF0050CC31 /* Style */,
				26B094D01FE1F6A60050CC31 /* UXViewControllers */,
				267F23DA1FCD1B700069282B /* Puzzle View Controller */,
				269D871E1FCF2614004E474C /* Models and Structures */,
				26A6AF4A1FC7E88F001827BA /* Puzzle Generator */,
				267F23D91FCD1B340069282B /* SupportingFiles */,
			);
			path = Sudoku;
			sourceTree = "<group>";
		};
		26A6AF3E1FC7E888001827BA /* SudokuTests */ = {
			isa = PBXGroup;
			children = (
				26A6AF3F1FC7E888001827BA /* SudokuTests.swift */,
				26A6AF411FC7E888001827BA /* Info.plist */,
			);
			path = SudokuTests;
			sourceTree = "<group>";
		};
		26A6AF4A1FC7E88F001827BA /* Puzzle Generator */ = {
			isa = PBXGroup;
			children = (
				26A6AF4C1FC7E89C001827BA /* sugen.c */,
				2639B1051FCD566000F3C6D7 /* callback.h */,
				26A6AF4B1FC7E89B001827BA /* Sudoku-Bridging-Header.h */,
			);
			path = "Puzzle Generator";
			sourceTree = "<group>";
		};
		26B094D01FE1F6A60050CC31 /* UXViewControllers */ = {
			isa = PBXGroup;
			children = (
				26B094D11FE1F7810050CC31 /* SelectionViewController.swift */,
				26E306911FE4481700511AAE /* HelpViewController.swift */,
				26E306931FE4677200511AAE /* ReplicatorView.swift */,
			);
			path = UXViewControllers;
			sourceTree = "<group>";
		};
		26B094D31FE236DF0050CC31 /* Style */ = {
			isa = PBXGroup;
			children = (
				2609D25F1FD06F4C00337CB8 /* Style.swift */,
				26B094D61FE239630050CC31 /* StyleViewController.swift */,
			);
			path = Style;
			sourceTree = "<group>";
		};
/* End PBXGroup section */

/* Begin PBXNativeTarget section */
		26A6AF231FC7E888001827BA /* Sudoku */ = {
			isa = PBXNativeTarget;
			buildConfigurationList = 26A6AF441FC7E888001827BA /* Build configuration list for PBXNativeTarget "Sudoku" */;
			buildPhases = (
				26A6AF201FC7E888001827BA /* Sources */,
				26A6AF211FC7E888001827BA /* Frameworks */,
				26A6AF221FC7E888001827BA /* Resources */,
			);
			buildRules = (
			);
			dependencies = (
			);
			name = Sudoku;
			productName = Sudoku;
			productReference = 26A6AF241FC7E888001827BA /* Sudoku.app */;
			productType = "com.apple.product-type.application";
		};
		26A6AF3A1FC7E888001827BA /* SudokuTests */ = {
			isa = PBXNativeTarget;
			buildConfigurationList = 26A6AF471FC7E888001827BA /* Build configuration list for PBXNativeTarget "SudokuTests" */;
			buildPhases = (
				26A6AF371FC7E888001827BA /* Sources */,
				26A6AF381FC7E888001827BA /* Frameworks */,
				26A6AF391FC7E888001827BA /* Resources */,
			);
			buildRules = (
			);
			dependencies = (
				26A6AF3D1FC7E888001827BA /* PBXTargetDependency */,
			);
			name = SudokuTests;
			productName = SudokuTests;
			productReference = 26A6AF3B1FC7E888001827BA /* SudokuTests.xctest */;
			productType = "com.apple.product-type.bundle.unit-test";
		};
/* End PBXNativeTarget section */

/* Begin PBXProject section */
		26A6AF1C1FC7E888001827BA /* Project object */ = {
			isa = PBXProject;
			attributes = {
				LastSwiftUpdateCheck = 0910;
				LastUpgradeCheck = 0910;
				ORGANIZATIONNAME = "Amanda Rawls";
				TargetAttributes = {
					26A6AF231FC7E888001827BA = {
						CreatedOnToolsVersion = 9.1;
						LastSwiftMigration = 0910;
						ProvisioningStyle = Automatic;
					};
					26A6AF3A1FC7E888001827BA = {
						CreatedOnToolsVersion = 9.1;
						ProvisioningStyle = Automatic;
						TestTargetID = 26A6AF231FC7E888001827BA;
					};
				};
			};
			buildConfigurationList = 26A6AF1F1FC7E888001827BA /* Build configuration list for PBXProject "Sudoku" */;
			compatibilityVersion = "Xcode 8.0";
			developmentRegion = en;
			hasScannedForEncodings = 0;
			knownRegions = (
				en,
				Base,
			);
			mainGroup = 26A6AF1B1FC7E888001827BA;
			productRefGroup = 26A6AF251FC7E888001827BA /* Products */;
			projectDirPath = "";
			projectRoot = "";
			targets = (
				26A6AF231FC7E888001827BA /* Sudoku */,
				26A6AF3A1FC7E888001827BA /* SudokuTests */,
			);
		};
/* End PBXProject section */

/* Begin PBXResourcesBuildPhase section */
		26A6AF221FC7E888001827BA /* Resources */ = {
			isa = PBXResourcesBuildPhase;
			buildActionMask = 2147483647;
			files = (
				26A6AF351FC7E888001827BA /* LaunchScreen.storyboard in Resources */,
				26A6AF321FC7E888001827BA /* Assets.xcassets in Resources */,
				26A6AF2D1FC7E888001827BA /* Main.storyboard in Resources */,
			);
			runOnlyForDeploymentPostprocessing = 0;
		};
		26A6AF391FC7E888001827BA /* Resources */ = {
			isa = PBXResourcesBuildPhase;
			buildActionMask = 2147483647;
			files = (
			);
			runOnlyForDeploymentPostprocessing = 0;
		};
/* End PBXResourcesBuildPhase section */

/* Begin PBXSourcesBuildPhase section */
		26A6AF201FC7E888001827BA /* Sources */ = {
			isa = PBXSourcesBuildPhase;
			buildActionMask = 2147483647;
			files = (
				267F23DC1FCD1B9E0069282B /* PuzzleModel.swift in Sources */,
				267F23E21FCD22940069282B /* NotesView.swift in Sources */,
				2609D25A1FCF40E900337CB8 /* ContainerViewController.swift in Sources */,
				26A6AF2A1FC7E888001827BA /* PuzzleViewController.swift in Sources */,
				26E306941FE4677200511AAE /* ReplicatorView.swift in Sources */,
				267F23E51FCD22C50069282B /* SolutionView.swift in Sources */,
				2609D2601FD06F4C00337CB8 /* Style.swift in Sources */,
				26A6AF301FC7E888001827BA /* Sudoku.xcdatamodeld in Sources */,
				267F23DE1FCD1C540069282B /* DataTypes.swift in Sources */,
				264A63FF1FCDF885000A9867 /* SudokuLayout.swift in Sources */,
				269D87211FCF2699004E474C /* MenuView.swift in Sources */,
				267F23E01FCD216D0069282B /* PuzzleViewCell.swift in Sources */,
				26E306921FE4481700511AAE /* HelpViewController.swift in Sources */,
				26A6AF4D1FC7E89C001827BA /* sugen.c in Sources */,
				26B094D71FE239630050CC31 /* StyleViewController.swift in Sources */,
				26A6AF281FC7E888001827BA /* AppDelegate.swift in Sources */,
				26B094D21FE1F7810050CC31 /* SelectionViewController.swift in Sources */,
			);
			runOnlyForDeploymentPostprocessing = 0;
		};
		26A6AF371FC7E888001827BA /* Sources */ = {
			isa = PBXSourcesBuildPhase;
			buildActionMask = 2147483647;
			files = (
				26A6AF401FC7E888001827BA /* SudokuTests.swift in Sources */,
			);
			runOnlyForDeploymentPostprocessing = 0;
		};
/* End PBXSourcesBuildPhase section */

/* Begin PBXTargetDependency section */
		26A6AF3D1FC7E888001827BA /* PBXTargetDependency */ = {
			isa = PBXTargetDependency;
			target = 26A6AF231FC7E888001827BA /* Sudoku */;
			targetProxy = 26A6AF3C1FC7E888001827BA /* PBXContainerItemProxy */;
		};
/* End PBXTargetDependency section */

/* Begin PBXVariantGroup section */
		26A6AF2B1FC7E888001827BA /* Main.storyboard */ = {
			isa = PBXVariantGroup;
			children = (
				26A6AF2C1FC7E888001827BA /* Base */,
			);
			name = Main.storyboard;
			sourceTree = "<group>";
		};
		26A6AF331FC7E888001827BA /* LaunchScreen.storyboard */ = {
			isa = PBXVariantGroup;
			children = (
				26A6AF341FC7E888001827BA /* Base */,
			);
			name = LaunchScreen.storyboard;
			sourceTree = "<group>";
		};
/* End PBXVariantGroup section */

/* Begin XCBuildConfiguration section */
		26A6AF421FC7E888001827BA /* Debug */ = {
			isa = XCBuildConfiguration;
			buildSettings = {
				ALWAYS_SEARCH_USER_PATHS = NO;
				CLANG_ANALYZER_NONNULL = YES;
				CLANG_ANALYZER_NUMBER_OBJECT_CONVERSION = YES_AGGRESSIVE;
				CLANG_CXX_LANGUAGE_STANDARD = "gnu++14";
				CLANG_CXX_LIBRARY = "libc++";
				CLANG_ENABLE_MODULES = YES;
				CLANG_ENABLE_OBJC_ARC = YES;
				CLANG_WARN_BLOCK_CAPTURE_AUTORELEASING = YES;
				CLANG_WARN_BOOL_CONVERSION = YES;
				CLANG_WARN_COMMA = YES;
				CLANG_WARN_CONSTANT_CONVERSION = YES;
				CLANG_WARN_DIRECT_OBJC_ISA_USAGE = YES_ERROR;
				CLANG_WARN_DOCUMENTATION_COMMENTS = YES;
				CLANG_WARN_EMPTY_BODY = YES;
				CLANG_WARN_ENUM_CONVERSION = YES;
				CLANG_WARN_INFINITE_RECURSION = YES;
				CLANG_WARN_INT_CONVERSION = YES;
				CLANG_WARN_NON_LITERAL_NULL_CONVERSION = YES;
				CLANG_WARN_OBJC_LITERAL_CONVERSION = YES;
				CLANG_WARN_OBJC_ROOT_CLASS = YES_ERROR;
				CLANG_WARN_RANGE_LOOP_ANALYSIS = YES;
				CLANG_WARN_STRICT_PROTOTYPES = YES;
				CLANG_WARN_SUSPICIOUS_MOVE = YES;
				CLANG_WARN_UNGUARDED_AVAILABILITY = YES_AGGRESSIVE;
				CLANG_WARN_UNREACHABLE_CODE = YES;
				CLANG_WARN__DUPLICATE_METHOD_MATCH = YES;
				CODE_SIGN_IDENTITY = "iPhone Developer";
				COPY_PHASE_STRIP = NO;
				DEBUG_INFORMATION_FORMAT = dwarf;
				ENABLE_STRICT_OBJC_MSGSEND = YES;
				ENABLE_TESTABILITY = YES;
				GCC_C_LANGUAGE_STANDARD = gnu11;
				GCC_DYNAMIC_NO_PIC = NO;
				GCC_NO_COMMON_BLOCKS = YES;
				GCC_OPTIMIZATION_LEVEL = 0;
				GCC_PREPROCESSOR_DEFINITIONS = (
					"DEBUG=1",
					"$(inherited)",
				);
				GCC_WARN_64_TO_32_BIT_CONVERSION = YES;
				GCC_WARN_ABOUT_RETURN_TYPE = YES_ERROR;
				GCC_WARN_UNDECLARED_SELECTOR = YES;
				GCC_WARN_UNINITIALIZED_AUTOS = YES_AGGRESSIVE;
				GCC_WARN_UNUSED_FUNCTION = YES;
				GCC_WARN_UNUSED_VARIABLE = YES;
				IPHONEOS_DEPLOYMENT_TARGET = 10.0;
				MTL_ENABLE_DEBUG_INFO = YES;
				ONLY_ACTIVE_ARCH = YES;
				SDKROOT = iphoneos;
				SWIFT_ACTIVE_COMPILATION_CONDITIONS = DEBUG;
				SWIFT_OPTIMIZATION_LEVEL = "-Onone";
			};
			name = Debug;
		};
		26A6AF431FC7E888001827BA /* Release */ = {
			isa = XCBuildConfiguration;
			buildSettings = {
				ALWAYS_SEARCH_USER_PATHS = NO;
				CLANG_ANALYZER_NONNULL = YES;
				CLANG_ANALYZER_NUMBER_OBJECT_CONVERSION = YES_AGGRESSIVE;
				CLANG_CXX_LANGUAGE_STANDARD = "gnu++14";
				CLANG_CXX_LIBRARY = "libc++";
				CLANG_ENABLE_MODULES = YES;
				CLANG_ENABLE_OBJC_ARC = YES;
				CLANG_WARN_BLOCK_CAPTURE_AUTORELEASING = YES;
				CLANG_WARN_BOOL_CONVERSION = YES;
				CLANG_WARN_COMMA = YES;
				CLANG_WARN_CONSTANT_CONVERSION = YES;
				CLANG_WARN_DIRECT_OBJC_ISA_USAGE = YES_ERROR;
				CLANG_WARN_DOCUMENTATION_COMMENTS = YES;
				CLANG_WARN_EMPTY_BODY = YES;
				CLANG_WARN_ENUM_CONVERSION = YES;
				CLANG_WARN_INFINITE_RECURSION = YES;
				CLANG_WARN_INT_CONVERSION = YES;
				CLANG_WARN_NON_LITERAL_NULL_CONVERSION = YES;
				CLANG_WARN_OBJC_LITERAL_CONVERSION = YES;
				CLANG_WARN_OBJC_ROOT_CLASS = YES_ERROR;
				CLANG_WARN_RANGE_LOOP_ANALYSIS = YES;
				CLANG_WARN_STRICT_PROTOTYPES = YES;
				CLANG_WARN_SUSPICIOUS_MOVE = YES;
				CLANG_WARN_UNGUARDED_AVAILABILITY = YES_AGGRESSIVE;
				CLANG_WARN_UNREACHABLE_CODE = YES;
				CLANG_WARN__DUPLICATE_METHOD_MATCH = YES;
				CODE_SIGN_IDENTITY = "iPhone Developer";
				COPY_PHASE_STRIP = NO;
				DEBUG_INFORMATION_FORMAT = "dwarf-with-dsym";
				ENABLE_NS_ASSERTIONS = NO;
				ENABLE_STRICT_OBJC_MSGSEND = YES;
				GCC_C_LANGUAGE_STANDARD = gnu11;
				GCC_NO_COMMON_BLOCKS = YES;
				GCC_WARN_64_TO_32_BIT_CONVERSION = YES;
				GCC_WARN_ABOUT_RETURN_TYPE = YES_ERROR;
				GCC_WARN_UNDECLARED_SELECTOR = YES;
				GCC_WARN_UNINITIALIZED_AUTOS = YES_AGGRESSIVE;
				GCC_WARN_UNUSED_FUNCTION = YES;
				GCC_WARN_UNUSED_VARIABLE = YES;
				IPHONEOS_DEPLOYMENT_TARGET = 10.0;
				MTL_ENABLE_DEBUG_INFO = NO;
				SDKROOT = iphoneos;
				SWIFT_OPTIMIZATION_LEVEL = "-Owholemodule";
				VALIDATE_PRODUCT = YES;
			};
			name = Release;
		};
		26A6AF451FC7E888001827BA /* Debug */ = {
			isa = XCBuildConfiguration;
			buildSettings = {
				ASSETCATALOG_COMPILER_APPICON_NAME = AppIcon;
				CLANG_ENABLE_MODULES = YES;
				CODE_SIGN_STYLE = Automatic;
				INFOPLIST_FILE = Sudoku/SupportingFiles/Info.plist;
				LD_RUNPATH_SEARCH_PATHS = "$(inherited) @executable_path/Frameworks";
				PRODUCT_BUNDLE_IDENTIFIER = rawls.Sudoku;
				PRODUCT_NAME = "$(TARGET_NAME)";
				SWIFT_OBJC_BRIDGING_HEADER = "Sudoku/Puzzle Generator/Sudoku-Bridging-Header.h";
				SWIFT_OPTIMIZATION_LEVEL = "-Onone";
				SWIFT_VERSION = 4.0;
				TARGETED_DEVICE_FAMILY = 1;
			};
			name = Debug;
		};
		26A6AF461FC7E888001827BA /* Release */ = {
			isa = XCBuildConfiguration;
			buildSettings = {
				ASSETCATALOG_COMPILER_APPICON_NAME = AppIcon;
				CLANG_ENABLE_MODULES = YES;
				CODE_SIGN_STYLE = Automatic;
				INFOPLIST_FILE = Sudoku/SupportingFiles/Info.plist;
				LD_RUNPATH_SEARCH_PATHS = "$(inherited) @executable_path/Frameworks";
				PRODUCT_BUNDLE_IDENTIFIER = rawls.Sudoku;
				PRODUCT_NAME = "$(TARGET_NAME)";
				SWIFT_OBJC_BRIDGING_HEADER = "Sudoku/Puzzle Generator/Sudoku-Bridging-Header.h";
				SWIFT_VERSION = 4.0;
				TARGETED_DEVICE_FAMILY = 1;
			};
			name = Release;
		};
		26A6AF481FC7E888001827BA /* Debug */ = {
			isa = XCBuildConfiguration;
			buildSettings = {
				ALWAYS_EMBED_SWIFT_STANDARD_LIBRARIES = YES;
				BUNDLE_LOADER = "$(TEST_HOST)";
				CODE_SIGN_STYLE = Automatic;
				INFOPLIST_FILE = SudokuTests/Info.plist;
				LD_RUNPATH_SEARCH_PATHS = "$(inherited) @executable_path/Frameworks @loader_path/Frameworks";
				PRODUCT_BUNDLE_IDENTIFIER = rawls.SudokuTests;
				PRODUCT_NAME = "$(TARGET_NAME)";
				SWIFT_VERSION = 4.0;
				TARGETED_DEVICE_FAMILY = "1,2";
				TEST_HOST = "$(BUILT_PRODUCTS_DIR)/Sudoku.app/Sudoku";
			};
			name = Debug;
		};
		26A6AF491FC7E888001827BA /* Release */ = {
			isa = XCBuildConfiguration;
			buildSettings = {
				ALWAYS_EMBED_SWIFT_STANDARD_LIBRARIES = YES;
				BUNDLE_LOADER = "$(TEST_HOST)";
				CODE_SIGN_STYLE = Automatic;
				INFOPLIST_FILE = SudokuTests/Info.plist;
				LD_RUNPATH_SEARCH_PATHS = "$(inherited) @executable_path/Frameworks @loader_path/Frameworks";
				PRODUCT_BUNDLE_IDENTIFIER = rawls.SudokuTests;
				PRODUCT_NAME = "$(TARGET_NAME)";
				SWIFT_VERSION = 4.0;
				TARGETED_DEVICE_FAMILY = "1,2";
				TEST_HOST = "$(BUILT_PRODUCTS_DIR)/Sudoku.app/Sudoku";
			};
			name = Release;
		};
/* End XCBuildConfiguration section */

/* Begin XCConfigurationList section */
		26A6AF1F1FC7E888001827BA /* Build configuration list for PBXProject "Sudoku" */ = {
			isa = XCConfigurationList;
			buildConfigurations = (
				26A6AF421FC7E888001827BA /* Debug */,
				26A6AF431FC7E888001827BA /* Release */,
			);
			defaultConfigurationIsVisible = 0;
			defaultConfigurationName = Release;
		};
		26A6AF441FC7E888001827BA /* Build configuration list for PBXNativeTarget "Sudoku" */ = {
			isa = XCConfigurationList;
			buildConfigurations = (
				26A6AF451FC7E888001827BA /* Debug */,
				26A6AF461FC7E888001827BA /* Release */,
			);
			defaultConfigurationIsVisible = 0;
			defaultConfigurationName = Release;
		};
		26A6AF471FC7E888001827BA /* Build configuration list for PBXNativeTarget "SudokuTests" */ = {
			isa = XCConfigurationList;
			buildConfigurations = (
				26A6AF481FC7E888001827BA /* Debug */,
				26A6AF491FC7E888001827BA /* Release */,
			);
			defaultConfigurationIsVisible = 0;
			defaultConfigurationName = Release;
		};
/* End XCConfigurationList section */

/* Begin XCVersionGroup section */
		26A6AF2E1FC7E888001827BA /* Sudoku.xcdatamodeld */ = {
			isa = XCVersionGroup;
			children = (
				26A6AF2F1FC7E888001827BA /* Sudoku.xcdatamodel */,
			);
			currentVersion = 26A6AF2F1FC7E888001827BA /* Sudoku.xcdatamodel */;
			path = Sudoku.xcdatamodeld;
			sourceTree = "<group>";
			versionGroupType = wrapper.xcdatamodel;
		};
/* End XCVersionGroup section */
	};
	rootObject = 26A6AF1C1FC7E888001827BA /* Project object */;
}
